
Microsoft Visual Studio Solution File, Format Version 12.00
# Visual Studio Version 16
VisualStudioVersion = 16.0.30002.166
MinimumVisualStudioVersion = 10.0.40219.1
Project("{FAE04EC0-301F-11D3-BF4B-00C04F79EFBC}") = "UntitledBoss", "UntitledBoss.csproj", "{222834DA-7932-45D4-82EF-5A237097AA76}"
EndProject
Global
	GlobalSection(SolutionConfigurationPlatforms) = preSolution
		Debug|Any CPU = Debug|Any CPU
		Release|Any CPU = Release|Any CPU
	EndGlobalSection
	GlobalSection(ProjectConfigurationPlatforms) = postSolution
		{222834DA-7932-45D4-82EF-5A237097AA76}.Debug|Any CPU.ActiveCfg = Debug|Any CPU
		{222834DA-7932-45D4-82EF-5A237097AA76}.Debug|Any CPU.Build.0 = Debug|Any CPU
		{222834DA-7932-45D4-82EF-5A237097AA76}.Release|Any CPU.ActiveCfg = Release|Any CPU
		{222834DA-7932-45D4-82EF-5A237097AA76}.Release|Any CPU.Build.0 = Release|Any CPU
	EndGlobalSection
	GlobalSection(SolutionProperties) = preSolution
		HideSolutionNode = FALSE
	EndGlobalSection
	GlobalSection(ExtensibilityGlobals) = postSolution
		SolutionGuid = {2EB8CAA8-1059-4361-944A-20C8E907F64A}
	EndGlobalSection
EndGlobal
